# This file is automatically @generated by Cargo.
# It is not intended for manual editing.
version = 3

[[package]]
name = "Inflector"
version = "0.11.4"
source = "registry+https://github.com/rust-lang/crates.io-index"
checksum = "fe438c63458706e03479442743baae6c88256498e6431708f6dfc520a26515d3"
dependencies = [
 "lazy_static",
 "regex",
]

[[package]]
name = "aho-corasick"
version = "0.7.20"
source = "registry+https://github.com/rust-lang/crates.io-index"
checksum = "cc936419f96fa211c1b9166887b38e5e40b19958e5b895be7c1f93adec7071ac"
dependencies = [
 "memchr",
]

[[package]]
name = "anyhow"
version = "1.0.70"
source = "registry+https://github.com/rust-lang/crates.io-index"
checksum = "7de8ce5e0f9f8d88245311066a578d72b7af3e7088f32783804676302df237e4"

[[package]]
name = "assert-json-diff"
version = "2.0.2"
source = "registry+https://github.com/rust-lang/crates.io-index"
checksum = "47e4f2b81832e72834d7518d8487a0396a28cc408186a2e8854c0f98011faf12"
dependencies = [
 "serde",
 "serde_json",
]

[[package]]
name = "fhir-model"
version = "0.2.0"
dependencies = [
 "assert-json-diff",
 "serde",
 "serde_json",
 "typed-builder",
]

[[package]]
name = "fhir-sdk"
version = "0.2.0"
dependencies = [
 "fhir-model",
]

[[package]]
name = "fhirbolt"
version = "0.1.2"
source = "registry+https://github.com/rust-lang/crates.io-index"
checksum = "cc627cb263fcf293c9e23718809e0fbbf1692b79fa55391944463b768d6338fc"
dependencies = [
 "fhirbolt-model",
 "fhirbolt-serde",
]

[[package]]
name = "fhirbolt-model"
version = "0.1.3"
source = "registry+https://github.com/rust-lang/crates.io-index"
checksum = "6759fb3699067d65c2350000ad844c9a26cd1fc6377e97cdb222e5b172e8c3e2"
dependencies = [
 "fhirbolt-shared",
 "serde",
 "serde_json",
]

[[package]]
name = "fhirbolt-serde"
version = "0.1.3"
source = "registry+https://github.com/rust-lang/crates.io-index"
checksum = "55ec9d1286bd90b2417663e31ced681706e7438d42d5c2413a2536a14028e725"
dependencies = [
 "fhirbolt-shared",
 "phf",
 "quick-xml",
 "serde",
 "serde_json",
]

[[package]]
name = "fhirbolt-shared"
version = "0.1.3"
source = "registry+https://github.com/rust-lang/crates.io-index"
checksum = "9730fc80b8b1cc36151e49f5ed585592e70c7b0c7d3ce6d34455d981f8e0b52d"

[[package]]
name = "generate"
version = "0.1.0"
dependencies = [
 "Inflector",
 "anyhow",
 "fhirbolt",
 "prettyplease",
 "proc-macro2",
 "quote",
 "syn 2.0.10",
]

[[package]]
name = "itoa"
version = "1.0.6"
source = "registry+https://github.com/rust-lang/crates.io-index"
checksum = "453ad9f582a441959e5f0d088b02ce04cfe8d51a8eaf077f12ac6d3e94164ca6"

[[package]]
name = "lazy_static"
version = "1.4.0"
source = "registry+https://github.com/rust-lang/crates.io-index"
checksum = "e2abad23fbc42b3700f2f279844dc832adb2b2eb069b2df918f455c4e18cc646"

[[package]]
name = "memchr"
version = "2.5.0"
source = "registry+https://github.com/rust-lang/crates.io-index"
checksum = "2dffe52ecf27772e601905b7522cb4ef790d2cc203488bbd0e2fe85fcb74566d"

[[package]]
name = "phf"
version = "0.11.1"
source = "registry+https://github.com/rust-lang/crates.io-index"
checksum = "928c6535de93548188ef63bb7c4036bd415cd8f36ad25af44b9789b2ee72a48c"
dependencies = [
 "phf_macros",
 "phf_shared",
]

[[package]]
name = "phf_generator"
version = "0.11.1"
source = "registry+https://github.com/rust-lang/crates.io-index"
checksum = "b1181c94580fa345f50f19d738aaa39c0ed30a600d95cb2d3e23f94266f14fbf"
dependencies = [
 "phf_shared",
 "rand",
]

[[package]]
name = "phf_macros"
version = "0.11.1"
source = "registry+https://github.com/rust-lang/crates.io-index"
checksum = "92aacdc5f16768709a569e913f7451034034178b05bdc8acda226659a3dccc66"
dependencies = [
 "phf_generator",
 "phf_shared",
 "proc-macro2",
 "quote",
 "syn 1.0.109",
]

[[package]]
name = "phf_shared"
version = "0.11.1"
source = "registry+https://github.com/rust-lang/crates.io-index"
checksum = "e1fb5f6f826b772a8d4c0394209441e7d37cbbb967ae9c7e0e8134365c9ee676"
dependencies = [
 "siphasher",
]

[[package]]
name = "prettyplease"
version = "0.2.3"
source = "registry+https://github.com/rust-lang/crates.io-index"
checksum = "9c623b5ad020c6dac110f85af16a213a9ac4efe41b50c4374cee8d838d36f378"
dependencies = [
 "proc-macro2",
 "syn 2.0.10",
]

[[package]]
name = "proc-macro2"
version = "1.0.53"
source = "registry+https://github.com/rust-lang/crates.io-index"
checksum = "ba466839c78239c09faf015484e5cc04860f88242cff4d03eb038f04b4699b73"
dependencies = [
 "unicode-ident",
]

[[package]]
name = "quick-xml"
version = "0.25.0"
source = "registry+https://github.com/rust-lang/crates.io-index"
checksum = "58e21a144a0ffb5fad7b464babcdab934a325ad69b7c0373bcfef5cbd9799ca9"
dependencies = [
 "memchr",
]

[[package]]
name = "quote"
version = "1.0.26"
source = "registry+https://github.com/rust-lang/crates.io-index"
checksum = "4424af4bf778aae2051a77b60283332f386554255d722233d09fbfc7e30da2fc"
dependencies = [
 "proc-macro2",
]

[[package]]
name = "rand"
version = "0.8.5"
source = "registry+https://github.com/rust-lang/crates.io-index"
checksum = "34af8d1a0e25924bc5b7c43c079c942339d8f0a8b57c39049bef581b46327404"
dependencies = [
 "rand_core",
]

[[package]]
name = "rand_core"
version = "0.6.4"
source = "registry+https://github.com/rust-lang/crates.io-index"
checksum = "ec0be4795e2f6a28069bec0b5ff3e2ac9bafc99e6a9a7dc3547996c5c816922c"

[[package]]
name = "regex"
version = "1.7.3"
source = "registry+https://github.com/rust-lang/crates.io-index"
checksum = "8b1f693b24f6ac912f4893ef08244d70b6067480d2f1a46e950c9691e6749d1d"
dependencies = [
 "aho-corasick",
 "memchr",
 "regex-syntax",
]

[[package]]
name = "regex-syntax"
version = "0.6.29"
source = "registry+https://github.com/rust-lang/crates.io-index"
checksum = "f162c6dd7b008981e4d40210aca20b4bd0f9b60ca9271061b07f78537722f2e1"

[[package]]
name = "ryu"
version = "1.0.13"
source = "registry+https://github.com/rust-lang/crates.io-index"
checksum = "f91339c0467de62360649f8d3e185ca8de4224ff281f66000de5eb2a77a79041"

[[package]]
name = "serde"
version = "1.0.158"
source = "registry+https://github.com/rust-lang/crates.io-index"
checksum = "771d4d9c4163ee138805e12c710dd365e4f44be8be0503cb1bb9eb989425d9c9"
dependencies = [
 "serde_derive",
]

[[package]]
name = "serde_derive"
version = "1.0.158"
source = "registry+https://github.com/rust-lang/crates.io-index"
checksum = "e801c1712f48475582b7696ac71e0ca34ebb30e09338425384269d9717c62cad"
dependencies = [
 "proc-macro2",
 "quote",
 "syn 2.0.10",
]

[[package]]
name = "serde_json"
version = "1.0.94"
source = "registry+https://github.com/rust-lang/crates.io-index"
checksum = "1c533a59c9d8a93a09c6ab31f0fd5e5f4dd1b8fc9434804029839884765d04ea"
dependencies = [
 "itoa",
 "ryu",
 "serde",
]

[[package]]
name = "siphasher"
version = "0.3.10"
source = "registry+https://github.com/rust-lang/crates.io-index"
checksum = "7bd3e3206899af3f8b12af284fafc038cc1dc2b41d1b89dd17297221c5d225de"

[[package]]
name = "syn"
version = "1.0.109"
source = "registry+https://github.com/rust-lang/crates.io-index"
checksum = "72b64191b275b66ffe2469e8af2c1cfe3bafa67b529ead792a6d0160888b4237"
dependencies = [
 "proc-macro2",
 "quote",
 "unicode-ident",
]

[[package]]
name = "syn"
version = "2.0.10"
source = "registry+https://github.com/rust-lang/crates.io-index"
checksum = "5aad1363ed6d37b84299588d62d3a7d95b5a5c2d9aad5c85609fda12afaa1f40"
dependencies = [
 "proc-macro2",
 "quote",
 "unicode-ident",
]

[[package]]
name = "typed-builder"
version = "0.14.0"
source = "registry+https://github.com/rust-lang/crates.io-index"
checksum = "64cba322cb9b7bc6ca048de49e83918223f35e7a86311267013afff257004870"
dependencies = [
 "proc-macro2",
 "quote",
 "syn 1.0.109",
]

[[package]]
name = "unicode-ident"
version = "1.0.8"
source = "registry+https://github.com/rust-lang/crates.io-index"
checksum = "e5464a87b239f13a63a501f2701565754bae92d243d4bb7eb12f6d57d2269bf4"
